
Microsoft Visual Studio Solution File, Format Version 12.00
# Visual Studio Version 17
VisualStudioVersion = 17.7.34202.233
MinimumVisualStudioVersion = 10.0.40219.1
Project("{FAE04EC0-301F-11D3-BF4B-00C04F79EFBC}") = "Varga_Paul_Lab2_0", "Varga_Paul_Lab2_0.csproj", "{D3E2D257-B004-42E4-B159-A0F404022DCD}"
EndProject
Global
	GlobalSection(SolutionConfigurationPlatforms) = preSolution
		Debug|Any CPU = Debug|Any CPU
		Release|Any CPU = Release|Any CPU
	EndGlobalSection
	GlobalSection(ProjectConfigurationPlatforms) = postSolution
		{D3E2D257-B004-42E4-B159-A0F404022DCD}.Debug|Any CPU.ActiveCfg = Debug|Any CPU
		{D3E2D257-B004-42E4-B159-A0F404022DCD}.Debug|Any CPU.Build.0 = Debug|Any CPU
		{D3E2D257-B004-42E4-B159-A0F404022DCD}.Release|Any CPU.ActiveCfg = Release|Any CPU
		{D3E2D257-B004-42E4-B159-A0F404022DCD}.Release|Any CPU.Build.0 = Release|Any CPU
	EndGlobalSection
	GlobalSection(SolutionProperties) = preSolution
		HideSolutionNode = FALSE
	EndGlobalSection
	GlobalSection(ExtensibilityGlobals) = postSolution
		SolutionGuid = {6E880373-B365-4123-9288-B55E2378ADEB}
	EndGlobalSection
EndGlobal
